{
  "requires": true,
  "lockfileVersion": 1,
  "dependencies": {
    "blueimp-canvas-to-blob": {
      "version": "3.5.0",
      "resolved": "https://registry.npmjs.org/blueimp-canvas-to-blob/-/blueimp-canvas-to-blob-3.5.0.tgz",
      "integrity": "sha1-VnmsMvaig1gh8MOtZhcZ/4WpI2s=",
      "optional": true
    },
    "blueimp-file-upload": {
      "version": "9.22.0",
      "resolved": "https://registry.npmjs.org/blueimp-file-upload/-/blueimp-file-upload-9.22.0.tgz",
      "integrity": "sha512-zq7FarMdf21UaAIJZxSNUiHb899Dg3koMTpgC81y5k1MDJp9kNb9qOQuc7SQlNbLQ7zy/NRQgncz08u5AZkutA==",
      "requires": {
        "blueimp-canvas-to-blob": "3.5.0",
        "blueimp-load-image": "2.12.2",
        "blueimp-tmpl": "3.6.0"
      }
    },
    "blueimp-load-image": {
      "version": "2.12.2",
      "resolved": "https://registry.npmjs.org/blueimp-load-image/-/blueimp-load-image-2.12.2.tgz",
      "integrity": "sha1-ahdZiquFjU+/AVQ+BjEUG1EFfIc=",
      "optional": true
    },
    "blueimp-tmpl": {
      "version": "3.6.0",
      "resolved": "https://registry.npmjs.org/blueimp-tmpl/-/blueimp-tmpl-3.6.0.tgz",
      "integrity": "sha1-pJEJddBC4rwDunfw5i0E8VSKUkw=",
      "optional": true
    },
    "bootstrap": {
      "version": "3.3.7",
      "resolved": "https://registry.npmjs.org/bootstrap/-/bootstrap-3.3.7.tgz",
      "integrity": "sha1-WjiTlFSfIzMIdaOxUGVldPip63E="
    },
    "bootswatch": {
      "version": "3.3.7",
      "resolved": "https://registry.npmjs.org/bootswatch/-/bootswatch-3.3.7.tgz",
      "integrity": "sha1-62+amoUjuHpwbqkd7sPg1+qoqx8="
    }
  }
}
